
Microsoft Visual Studio Solution File, Format Version 12.00
# Visual Studio Version 16
VisualStudioVersion = 16.0.31410.357
MinimumVisualStudioVersion = 10.0.40219.1
Project("{FAE04EC0-301F-11D3-BF4B-00C04F79EFBC}") = "InfoCards", "InfoCards\InfoCards.csproj", "{4249659F-E152-4BC8-A5F5-0E8856702850}"
EndProject
Global
	GlobalSection(SolutionConfigurationPlatforms) = preSolution
		Debug|Any CPU = Debug|Any CPU
		Release|Any CPU = Release|Any CPU
	EndGlobalSection
	GlobalSection(ProjectConfigurationPlatforms) = postSolution
		{4249659F-E152-4BC8-A5F5-0E8856702850}.Debug|Any CPU.ActiveCfg = Debug|Any CPU
		{4249659F-E152-4BC8-A5F5-0E8856702850}.Debug|Any CPU.Build.0 = Debug|Any CPU
		{4249659F-E152-4BC8-A5F5-0E8856702850}.Release|Any CPU.ActiveCfg = Release|Any CPU
		{4249659F-E152-4BC8-A5F5-0E8856702850}.Release|Any CPU.Build.0 = Release|Any CPU
	EndGlobalSection
	GlobalSection(SolutionProperties) = preSolution
		HideSolutionNode = FALSE
	EndGlobalSection
	GlobalSection(ExtensibilityGlobals) = postSolution
		SolutionGuid = {8A865B45-9F1C-4A7F-8FE4-83681955A0F1}
	EndGlobalSection
EndGlobal
